
Microsoft Visual Studio Solution File, Format Version 12.00
Project("{FAE04EC0-301F-11D3-BF4B-00C04F79EFBC}") = "AnimeLion", "AnimeLion\AnimeLion.csproj", "{B9924CEB-B634-4A73-BC0D-B31F91742E9E}"
EndProject
Project("{F2A71F9B-5D33-465A-A702-920D77279786}") = "AnimeLion.Web", "AnimeLion.Web\AnimeLion.Web.fsproj", "{01338BF3-8A1E-4FE5-8CAB-8D3DBE9F1DD6}"
EndProject
Global
	GlobalSection(SolutionConfigurationPlatforms) = preSolution
		Debug|Any CPU = Debug|Any CPU
		Release|Any CPU = Release|Any CPU
	EndGlobalSection
	GlobalSection(ProjectConfigurationPlatforms) = postSolution
		{B9924CEB-B634-4A73-BC0D-B31F91742E9E}.Debug|Any CPU.ActiveCfg = Debug|Any CPU
		{B9924CEB-B634-4A73-BC0D-B31F91742E9E}.Debug|Any CPU.Build.0 = Debug|Any CPU
		{B9924CEB-B634-4A73-BC0D-B31F91742E9E}.Release|Any CPU.ActiveCfg = Release|Any CPU
		{B9924CEB-B634-4A73-BC0D-B31F91742E9E}.Release|Any CPU.Build.0 = Release|Any CPU
		{01338BF3-8A1E-4FE5-8CAB-8D3DBE9F1DD6}.Debug|Any CPU.ActiveCfg = Debug|Any CPU
		{01338BF3-8A1E-4FE5-8CAB-8D3DBE9F1DD6}.Debug|Any CPU.Build.0 = Debug|Any CPU
		{01338BF3-8A1E-4FE5-8CAB-8D3DBE9F1DD6}.Release|Any CPU.ActiveCfg = Release|Any CPU
		{01338BF3-8A1E-4FE5-8CAB-8D3DBE9F1DD6}.Release|Any CPU.Build.0 = Release|Any CPU
	EndGlobalSection
EndGlobal
